// !$*UTF8*$!
{
	archiveVersion = 1;
	classes = {
	};
	objectVersion = 77;
	objects = {

/* Begin PBXBuildFile section */
		36A3171C2F5FB97C00070F06 /* LRStreakKit in Frameworks */ = {isa = PBXBuildFile; productRef = 36A3171B2F5FB97C00070F06 /* LRStreakKit */; };
		84F314692F286D2000D83064 /* GoogleSignIn in Frameworks */ = {isa = PBXBuildFile; productRef = 84F314682F286D2000D83064 /* GoogleSignIn */; };
		84F3146B2F286D2000D83064 /* GoogleSignInSwift in Frameworks */ = {isa = PBXBuildFile; productRef = 84F3146A2F286D2000D83064 /* GoogleSignInSwift */; };
		84FEE9EB2F3AA45600DBB49F /* AuthenticationManager.swift in Sources */ = {isa = PBXBuildFile; fileRef = 84F314602F286C6800D83064 /* AuthenticationManager.swift */; };
		84FEE9EC2F3AA46C00DBB49F /* User.swift in Sources */ = {isa = PBXBuildFile; fileRef = 84F3145A2F286BC500D83064 /* User.swift */; };
		84FEE9ED2F3AA47900DBB49F /* AuthenticationView.swift in Sources */ = {isa = PBXBuildFile; fileRef = 84F314632F286CC200D83064 /* AuthenticationView.swift */; };
		84FEE9EE2F3AA47D00DBB49F /* EmailSignInView.swift in Sources */ = {isa = PBXBuildFile; fileRef = 84F314642F286CC600D83064 /* EmailSignInView.swift */; };
		84FEE9EF2F3AA48200DBB49F /* EmailSignUpView.swift in Sources */ = {isa = PBXBuildFile; fileRef = 84F314652F286CC800D83064 /* EmailSignUpView.swift */; };
		84FEE9F02F3AA48600DBB49F /* ProfileView.swift in Sources */ = {isa = PBXBuildFile; fileRef = 84F314662F286CCB00D83064 /* ProfileView.swift */; };
		84FEE9FA2F3AB0CD00DBB49F /* EditProfileView.swift in Sources */ = {isa = PBXBuildFile; fileRef = 84FEE9F92F3AB0CD00DBB49F /* EditProfileView.swift */; };
		84FEEA0E2F3AD06F00DBB49F /* MainTabView.swift in Sources */ = {isa = PBXBuildFile; fileRef = 84FEEA0D2F3AD06F00DBB49F /* MainTabView.swift */; };
		84FEEA102F3AD18400DBB49F /* AuthManager.swift in Sources */ = {isa = PBXBuildFile; fileRef = 84FEEA0F2F3AD18400DBB49F /* AuthManager.swift */; };
		84FEEA122F3AE63100DBB49F /* DashboardView.swift in Sources */ = {isa = PBXBuildFile; fileRef = 84FEEA112F3AE63100DBB49F /* DashboardView.swift */; };
		84FEEA142F3AE63300DBB49F /* ShareView.swift in Sources */ = {isa = PBXBuildFile; fileRef = 84FEEA132F3AE63300DBB49F /* ShareView.swift */; };
		84FEEA262F460D3900DBB49F /* SettingsView.swift in Sources */ = {isa = PBXBuildFile; fileRef = 84FEEA252F460D3900DBB49F /* SettingsView.swift */; };
		84FEEA3C2F46110900DBB49F /* RootView.swift in Sources */ = {isa = PBXBuildFile; fileRef = 84FEEA3B2F46110900DBB49F /* RootView.swift */; };
		84FEEA3E2F46114200DBB49F /* EmailSignInView 2.swift in Sources */ = {isa = PBXBuildFile; fileRef = 84FEEA3D2F46114200DBB49F /* EmailSignInView 2.swift */; };
		84FEEA402F46114500DBB49F /* EmailSignUpView 2.swift in Sources */ = {isa = PBXBuildFile; fileRef = 84FEEA3F2F46114500DBB49F /* EmailSignUpView 2.swift */; };
		84FEEA4A2F46134400DBB49F /* ShareManager.swift in Sources */ = {isa = PBXBuildFile; fileRef = 84FEEA492F46134400DBB49F /* ShareManager.swift */; };
/* End PBXBuildFile section */

/* Begin PBXFileReference section */
		364323802F21D77600D6F8A5 /* ProductivityApp.app */ = {isa = PBXFileReference; explicitFileType = wrapper.application; includeInIndex = 0; path = ProductivityApp.app; sourceTree = BUILT_PRODUCTS_DIR; };
		84F3145A2F286BC500D83064 /* User.swift */ = {isa = PBXFileReference; lastKnownFileType = sourcecode.swift; path = User.swift; sourceTree = "<group>"; };
		84F314602F286C6800D83064 /* AuthenticationManager.swift */ = {isa = PBXFileReference; lastKnownFileType = sourcecode.swift; path = AuthenticationManager.swift; sourceTree = "<group>"; };
		84F314632F286CC200D83064 /* AuthenticationView.swift */ = {isa = PBXFileReference; lastKnownFileType = sourcecode.swift; path = AuthenticationView.swift; sourceTree = "<group>"; };
		84F314642F286CC600D83064 /* EmailSignInView.swift */ = {isa = PBXFileReference; lastKnownFileType = sourcecode.swift; path = EmailSignInView.swift; sourceTree = "<group>"; };
		84F314652F286CC800D83064 /* EmailSignUpView.swift */ = {isa = PBXFileReference; lastKnownFileType = sourcecode.swift; path = EmailSignUpView.swift; sourceTree = "<group>"; };
		84F314662F286CCB00D83064 /* ProfileView.swift */ = {isa = PBXFileReference; lastKnownFileType = sourcecode.swift; path = ProfileView.swift; sourceTree = "<group>"; };
		84FEE9F92F3AB0CD00DBB49F /* EditProfileView.swift */ = {isa = PBXFileReference; lastKnownFileType = sourcecode.swift; path = EditProfileView.swift; sourceTree = "<group>"; };
		84FEEA0D2F3AD06F00DBB49F /* MainTabView.swift */ = {isa = PBXFileReference; lastKnownFileType = sourcecode.swift; path = MainTabView.swift; sourceTree = "<group>"; };
		84FEEA0F2F3AD18400DBB49F /* AuthManager.swift */ = {isa = PBXFileReference; lastKnownFileType = sourcecode.swift; path = AuthManager.swift; sourceTree = "<group>"; };
		84FEEA112F3AE63100DBB49F /* DashboardView.swift */ = {isa = PBXFileReference; lastKnownFileType = sourcecode.swift; path = DashboardView.swift; sourceTree = "<group>"; };
		84FEEA132F3AE63300DBB49F /* ShareView.swift */ = {isa = PBXFileReference; lastKnownFileType = sourcecode.swift; path = ShareView.swift; sourceTree = "<group>"; };
		84FEEA252F460D3900DBB49F /* SettingsView.swift */ = {isa = PBXFileReference; lastKnownFileType = sourcecode.swift; path = SettingsView.swift; sourceTree = "<group>"; };
		84FEEA3B2F46110900DBB49F /* RootView.swift */ = {isa = PBXFileReference; lastKnownFileType = sourcecode.swift; path = RootView.swift; sourceTree = "<group>"; };
		84FEEA3D2F46114200DBB49F /* EmailSignInView 2.swift */ = {isa = PBXFileReference; lastKnownFileType = sourcecode.swift; path = "EmailSignInView 2.swift"; sourceTree = "<group>"; };
		84FEEA3F2F46114500DBB49F /* EmailSignUpView 2.swift */ = {isa = PBXFileReference; lastKnownFileType = sourcecode.swift; path = "EmailSignUpView 2.swift"; sourceTree = "<group>"; };
		84FEEA492F46134400DBB49F /* ShareManager.swift */ = {isa = PBXFileReference; lastKnownFileType = sourcecode.swift; path = ShareManager.swift; sourceTree = "<group>"; };
/* End PBXFileReference section */

/* Begin PBXFileSystemSynchronizedBuildFileExceptionSet section */
		84FEE9EA2F3AA28C00DBB49F /* Exceptions for "ProductivityApp" folder in "ProductivityApp" target */ = {
			isa = PBXFileSystemSynchronizedBuildFileExceptionSet;
			membershipExceptions = (
				Info.plist,
			);
			target = 3643237F2F21D77600D6F8A5 /* ProductivityApp */;
		};
/* End PBXFileSystemSynchronizedBuildFileExceptionSet section */

/* Begin PBXFileSystemSynchronizedRootGroup section */
		364323822F21D77600D6F8A5 /* ProductivityApp */ = {
			isa = PBXFileSystemSynchronizedRootGroup;
			exceptions = (
				84FEE9EA2F3AA28C00DBB49F /* Exceptions for "ProductivityApp" folder in "ProductivityApp" target */,
			);
			path = ProductivityApp;
			sourceTree = "<group>";
		};
/* End PBXFileSystemSynchronizedRootGroup section */

/* Begin PBXFrameworksBuildPhase section */
		3643237D2F21D77600D6F8A5 /* Frameworks */ = {
			isa = PBXFrameworksBuildPhase;
			buildActionMask = 2147483647;
			files = (
				84F314692F286D2000D83064 /* GoogleSignIn in Frameworks */,
				84F3146B2F286D2000D83064 /* GoogleSignInSwift in Frameworks */,
				36A3171C2F5FB97C00070F06 /* LRStreakKit in Frameworks */,
			);
			runOnlyForDeploymentPostprocessing = 0;
		};
/* End PBXFrameworksBuildPhase section */

/* Begin PBXGroup section */
		364323772F21D77600D6F8A5 = {
			isa = PBXGroup;
			children = (
				364323822F21D77600D6F8A5 /* ProductivityApp */,
				364323812F21D77600D6F8A5 /* Products */,
				84F314592F286B8C00D83064 /* Model */,
				84F3145F2F286C5D00D83064 /* Service */,
				84F314622F286CA500D83064 /* views */,
			);
			sourceTree = "<group>";
		};
		364323812F21D77600D6F8A5 /* Products */ = {
			isa = PBXGroup;
			children = (
				364323802F21D77600D6F8A5 /* ProductivityApp.app */,
			);
			name = Products;
			sourceTree = "<group>";
		};
		84F314592F286B8C00D83064 /* Model */ = {
			isa = PBXGroup;
			children = (
				84F3145A2F286BC500D83064 /* User.swift */,
			);
			path = Model;
			sourceTree = "<group>";
		};
		84F3145F2F286C5D00D83064 /* Service */ = {
			isa = PBXGroup;
			children = (
				84F314602F286C6800D83064 /* AuthenticationManager.swift */,
				84FEE9F92F3AB0CD00DBB49F /* EditProfileView.swift */,
			);
			path = Service;
			sourceTree = "<group>";
		};
		84F314622F286CA500D83064 /* views */ = {
			isa = PBXGroup;
			children = (
				84F314632F286CC200D83064 /* AuthenticationView.swift */,
				84F314642F286CC600D83064 /* EmailSignInView.swift */,
				84F314652F286CC800D83064 /* EmailSignUpView.swift */,
				84F314662F286CCB00D83064 /* ProfileView.swift */,
				84FEEA0D2F3AD06F00DBB49F /* MainTabView.swift */,
				84FEEA0F2F3AD18400DBB49F /* AuthManager.swift */,
				84FEEA112F3AE63100DBB49F /* DashboardView.swift */,
				84FEEA132F3AE63300DBB49F /* ShareView.swift */,
				84FEEA252F460D3900DBB49F /* SettingsView.swift */,
				84FEEA3B2F46110900DBB49F /* RootView.swift */,
				84FEEA3D2F46114200DBB49F /* EmailSignInView 2.swift */,
				84FEEA3F2F46114500DBB49F /* EmailSignUpView 2.swift */,
				84FEEA492F46134400DBB49F /* ShareManager.swift */,
			);
			path = views;
			sourceTree = "<group>";
		};
/* End PBXGroup section */

/* Begin PBXNativeTarget section */
		3643237F2F21D77600D6F8A5 /* ProductivityApp */ = {
			isa = PBXNativeTarget;
			buildConfigurationList = 3643238B2F21D77700D6F8A5 /* Build configuration list for PBXNativeTarget "ProductivityApp" */;
			buildPhases = (
				3643237C2F21D77600D6F8A5 /* Sources */,
				3643237D2F21D77600D6F8A5 /* Frameworks */,
				3643237E2F21D77600D6F8A5 /* Resources */,
			);
			buildRules = (
			);
			dependencies = (
			);
			fileSystemSynchronizedGroups = (
				364323822F21D77600D6F8A5 /* ProductivityApp */,
			);
			name = ProductivityApp;
			packageProductDependencies = (
				84F314682F286D2000D83064 /* GoogleSignIn */,
				84F3146A2F286D2000D83064 /* GoogleSignInSwift */,
				36A3171B2F5FB97C00070F06 /* LRStreakKit */,
			);
			productName = ProductivityApp;
			productReference = 364323802F21D77600D6F8A5 /* ProductivityApp.app */;
			productType = "com.apple.product-type.application";
		};
/* End PBXNativeTarget section */

/* Begin PBXProject section */
		364323782F21D77600D6F8A5 /* Project object */ = {
			isa = PBXProject;
			attributes = {
				BuildIndependentTargetsInParallel = 1;
				LastSwiftUpdateCheck = 2610;
				LastUpgradeCheck = 2610;
				TargetAttributes = {
					3643237F2F21D77600D6F8A5 = {
						CreatedOnToolsVersion = 26.1;
					};
				};
			};
			buildConfigurationList = 3643237B2F21D77600D6F8A5 /* Build configuration list for PBXProject "ProductivityApp" */;
			developmentRegion = en;
			hasScannedForEncodings = 0;
			knownRegions = (
				en,
				Base,
			);
			mainGroup = 364323772F21D77600D6F8A5;
			minimizedProjectReferenceProxies = 1;
			packageReferences = (
				84F314672F286D2000D83064 /* XCRemoteSwiftPackageReference "GoogleSignIn-iOS" */,
				36A3171A2F5FB97C00070F06 /* XCRemoteSwiftPackageReference "LRStreakKit" */,
			);
			preferredProjectObjectVersion = 77;
			productRefGroup = 364323812F21D77600D6F8A5 /* Products */;
			projectDirPath = "";
			projectRoot = "";
			targets = (
				3643237F2F21D77600D6F8A5 /* ProductivityApp */,
			);
		};
/* End PBXProject section */

/* Begin PBXResourcesBuildPhase section */
		3643237E2F21D77600D6F8A5 /* Resources */ = {
			isa = PBXResourcesBuildPhase;
			buildActionMask = 2147483647;
			files = (
			);
			runOnlyForDeploymentPostprocessing = 0;
		};
/* End PBXResourcesBuildPhase section */

/* Begin PBXSourcesBuildPhase section */
		3643237C2F21D77600D6F8A5 /* Sources */ = {
			isa = PBXSourcesBuildPhase;
			buildActionMask = 2147483647;
			files = (
				84FEE9FA2F3AB0CD00DBB49F /* EditProfileView.swift in Sources */,
				84FEEA122F3AE63100DBB49F /* DashboardView.swift in Sources */,
				84FEE9EC2F3AA46C00DBB49F /* User.swift in Sources */,
				84FEE9EB2F3AA45600DBB49F /* AuthenticationManager.swift in Sources */,
				84FEE9EE2F3AA47D00DBB49F /* EmailSignInView.swift in Sources */,
				84FEE9F02F3AA48600DBB49F /* ProfileView.swift in Sources */,
				84FEEA4A2F46134400DBB49F /* ShareManager.swift in Sources */,
				84FEEA3E2F46114200DBB49F /* EmailSignInView 2.swift in Sources */,
				84FEEA402F46114500DBB49F /* EmailSignUpView 2.swift in Sources */,
				84FEEA3C2F46110900DBB49F /* RootView.swift in Sources */,
				84FEE9ED2F3AA47900DBB49F /* AuthenticationView.swift in Sources */,
				84FEEA262F460D3900DBB49F /* SettingsView.swift in Sources */,
				84FEEA142F3AE63300DBB49F /* ShareView.swift in Sources */,
				84FEEA102F3AD18400DBB49F /* AuthManager.swift in Sources */,
				84FEE9EF2F3AA48200DBB49F /* EmailSignUpView.swift in Sources */,
				84FEEA0E2F3AD06F00DBB49F /* MainTabView.swift in Sources */,
			);
			runOnlyForDeploymentPostprocessing = 0;
		};
/* End PBXSourcesBuildPhase section */

/* Begin XCBuildConfiguration section */
		364323892F21D77700D6F8A5 /* Debug */ = {
			isa = XCBuildConfiguration;
			buildSettings = {
				ALWAYS_SEARCH_USER_PATHS = NO;
				ASSETCATALOG_COMPILER_GENERATE_SWIFT_ASSET_SYMBOL_EXTENSIONS = YES;
				CLANG_ANALYZER_NONNULL = YES;
				CLANG_ANALYZER_NUMBER_OBJECT_CONVERSION = YES_AGGRESSIVE;
				CLANG_CXX_LANGUAGE_STANDARD = "gnu++20";
				CLANG_ENABLE_MODULES = YES;
				CLANG_ENABLE_OBJC_ARC = YES;
				CLANG_ENABLE_OBJC_WEAK = YES;
				CLANG_WARN_BLOCK_CAPTURE_AUTORELEASING = YES;
				CLANG_WARN_BOOL_CONVERSION = YES;
				CLANG_WARN_COMMA = YES;
				CLANG_WARN_CONSTANT_CONVERSION = YES;
				CLANG_WARN_DEPRECATED_OBJC_IMPLEMENTATIONS = YES;
				CLANG_WARN_DIRECT_OBJC_ISA_USAGE = YES_ERROR;
				CLANG_WARN_DOCUMENTATION_COMMENTS = YES;
				CLANG_WARN_EMPTY_BODY = YES;
				CLANG_WARN_ENUM_CONVERSION = YES;
				CLANG_WARN_INFINITE_RECURSION = YES;
				CLANG_WARN_INT_CONVERSION = YES;
				CLANG_WARN_NON_LITERAL_NULL_CONVERSION = YES;
				CLANG_WARN_OBJC_IMPLICIT_RETAIN_SELF = YES;
				CLANG_WARN_OBJC_LITERAL_CONVERSION = YES;
				CLANG_WARN_OBJC_ROOT_CLASS = YES_ERROR;
				CLANG_WARN_QUOTED_INCLUDE_IN_FRAMEWORK_HEADER = YES;
				CLANG_WARN_RANGE_LOOP_ANALYSIS = YES;
				CLANG_WARN_STRICT_PROTOTYPES = YES;
				CLANG_WARN_SUSPICIOUS_MOVE = YES;
				CLANG_WARN_UNGUARDED_AVAILABILITY = YES_AGGRESSIVE;
				CLANG_WARN_UNREACHABLE_CODE = YES;
				CLANG_WARN__DUPLICATE_METHOD_MATCH = YES;
				COPY_PHASE_STRIP = NO;
				DEBUG_INFORMATION_FORMAT = dwarf;
				ENABLE_STRICT_OBJC_MSGSEND = YES;
				ENABLE_TESTABILITY = YES;
				ENABLE_USER_SCRIPT_SANDBOXING = YES;
				GCC_C_LANGUAGE_STANDARD = gnu17;
				GCC_DYNAMIC_NO_PIC = NO;
				GCC_NO_COMMON_BLOCKS = YES;
				GCC_OPTIMIZATION_LEVEL = 0;
				GCC_PREPROCESSOR_DEFINITIONS = (
					"DEBUG=1",
					"$(inherited)",
				);
				GCC_WARN_64_TO_32_BIT_CONVERSION = YES;
				GCC_WARN_ABOUT_RETURN_TYPE = YES_ERROR;
				GCC_WARN_UNDECLARED_SELECTOR = YES;
				GCC_WARN_UNINITIALIZED_AUTOS = YES_AGGRESSIVE;
				GCC_WARN_UNUSED_FUNCTION = YES;
				GCC_WARN_UNUSED_VARIABLE = YES;
				IPHONEOS_DEPLOYMENT_TARGET = 26.1;
				LOCALIZATION_PREFERS_STRING_CATALOGS = YES;
				MTL_ENABLE_DEBUG_INFO = INCLUDE_SOURCE;
				MTL_FAST_MATH = YES;
				ONLY_ACTIVE_ARCH = YES;
				SDKROOT = iphoneos;
				SWIFT_ACTIVE_COMPILATION_CONDITIONS = "DEBUG $(inherited)";
				SWIFT_OPTIMIZATION_LEVEL = "-Onone";
			};
			name = Debug;
		};
		3643238A2F21D77700D6F8A5 /* Release */ = {
			isa = XCBuildConfiguration;
			buildSettings = {
				ALWAYS_SEARCH_USER_PATHS = NO;
				ASSETCATALOG_COMPILER_GENERATE_SWIFT_ASSET_SYMBOL_EXTENSIONS = YES;
				CLANG_ANALYZER_NONNULL = YES;
				CLANG_ANALYZER_NUMBER_OBJECT_CONVERSION = YES_AGGRESSIVE;
				CLANG_CXX_LANGUAGE_STANDARD = "gnu++20";
				CLANG_ENABLE_MODULES = YES;
				CLANG_ENABLE_OBJC_ARC = YES;
				CLANG_ENABLE_OBJC_WEAK = YES;
				CLANG_WARN_BLOCK_CAPTURE_AUTORELEASING = YES;
				CLANG_WARN_BOOL_CONVERSION = YES;
				CLANG_WARN_COMMA = YES;
				CLANG_WARN_CONSTANT_CONVERSION = YES;
				CLANG_WARN_DEPRECATED_OBJC_IMPLEMENTATIONS = YES;
				CLANG_WARN_DIRECT_OBJC_ISA_USAGE = YES_ERROR;
				CLANG_WARN_DOCUMENTATION_COMMENTS = YES;
				CLANG_WARN_EMPTY_BODY = YES;
				CLANG_WARN_ENUM_CONVERSION = YES;
				CLANG_WARN_INFINITE_RECURSION = YES;
				CLANG_WARN_INT_CONVERSION = YES;
				CLANG_WARN_NON_LITERAL_NULL_CONVERSION = YES;
				CLANG_WARN_OBJC_IMPLICIT_RETAIN_SELF = YES;
				CLANG_WARN_OBJC_LITERAL_CONVERSION = YES;
				CLANG_WARN_OBJC_ROOT_CLASS = YES_ERROR;
				CLANG_WARN_QUOTED_INCLUDE_IN_FRAMEWORK_HEADER = YES;
				CLANG_WARN_RANGE_LOOP_ANALYSIS = YES;
				CLANG_WARN_STRICT_PROTOTYPES = YES;
				CLANG_WARN_SUSPICIOUS_MOVE = YES;
				CLANG_WARN_UNGUARDED_AVAILABILITY = YES_AGGRESSIVE;
				CLANG_WARN_UNREACHABLE_CODE = YES;
				CLANG_WARN__DUPLICATE_METHOD_MATCH = YES;
				COPY_PHASE_STRIP = NO;
				DEBUG_INFORMATION_FORMAT = "dwarf-with-dsym";
				ENABLE_NS_ASSERTIONS = NO;
				ENABLE_STRICT_OBJC_MSGSEND = YES;
				ENABLE_USER_SCRIPT_SANDBOXING = YES;
				GCC_C_LANGUAGE_STANDARD = gnu17;
				GCC_NO_COMMON_BLOCKS = YES;
				GCC_WARN_64_TO_32_BIT_CONVERSION = YES;
				GCC_WARN_ABOUT_RETURN_TYPE = YES_ERROR;
				GCC_WARN_UNDECLARED_SELECTOR = YES;
				GCC_WARN_UNINITIALIZED_AUTOS = YES_AGGRESSIVE;
				GCC_WARN_UNUSED_FUNCTION = YES;
				GCC_WARN_UNUSED_VARIABLE = YES;
				IPHONEOS_DEPLOYMENT_TARGET = 26.1;
				LOCALIZATION_PREFERS_STRING_CATALOGS = YES;
				MTL_ENABLE_DEBUG_INFO = NO;
				MTL_FAST_MATH = YES;
				SDKROOT = iphoneos;
				SWIFT_COMPILATION_MODE = wholemodule;
				VALIDATE_PRODUCT = YES;
			};
			name = Release;
		};
		3643238C2F21D77700D6F8A5 /* Debug */ = {
			isa = XCBuildConfiguration;
			buildSettings = {
				ASSETCATALOG_COMPILER_APPICON_NAME = AppIcon;
				ASSETCATALOG_COMPILER_GLOBAL_ACCENT_COLOR_NAME = AccentColor;
				CODE_SIGN_STYLE = Automatic;
				CURRENT_PROJECT_VERSION = 1;
				ENABLE_PREVIEWS = YES;
				GENERATE_INFOPLIST_FILE = YES;
				INFOPLIST_FILE = ProductivityApp/Info.plist;
				INFOPLIST_KEY_UIApplicationSceneManifest_Generation = YES;
				INFOPLIST_KEY_UIApplicationSupportsIndirectInputEvents = YES;
				INFOPLIST_KEY_UILaunchScreen_Generation = YES;
				INFOPLIST_KEY_UISupportedInterfaceOrientations_iPad = "UIInterfaceOrientationPortrait UIInterfaceOrientationPortraitUpsideDown UIInterfaceOrientationLandscapeLeft UIInterfaceOrientationLandscapeRight";
				INFOPLIST_KEY_UISupportedInterfaceOrientations_iPhone = "UIInterfaceOrientationPortrait UIInterfaceOrientationLandscapeLeft UIInterfaceOrientationLandscapeRight";
				LD_RUNPATH_SEARCH_PATHS = (
					"$(inherited)",
					"@executable_path/Frameworks",
				);
				MARKETING_VERSION = 1.0;
				PRODUCT_BUNDLE_IDENTIFIER = swiftcodingclubucd.ProductivityApp;
				PRODUCT_NAME = "$(TARGET_NAME)";
				STRING_CATALOG_GENERATE_SYMBOLS = YES;
				SWIFT_APPROACHABLE_CONCURRENCY = YES;
				SWIFT_DEFAULT_ACTOR_ISOLATION = MainActor;
				SWIFT_EMIT_LOC_STRINGS = YES;
				SWIFT_UPCOMING_FEATURE_MEMBER_IMPORT_VISIBILITY = YES;
				SWIFT_VERSION = 5.0;
				TARGETED_DEVICE_FAMILY = "1,2";
			};
			name = Debug;
		};
		3643238D2F21D77700D6F8A5 /* Release */ = {
			isa = XCBuildConfiguration;
			buildSettings = {
				ASSETCATALOG_COMPILER_APPICON_NAME = AppIcon;
				ASSETCATALOG_COMPILER_GLOBAL_ACCENT_COLOR_NAME = AccentColor;
				CODE_SIGN_STYLE = Automatic;
				CURRENT_PROJECT_VERSION = 1;
				ENABLE_PREVIEWS = YES;
				GENERATE_INFOPLIST_FILE = YES;
				INFOPLIST_FILE = ProductivityApp/Info.plist;
				INFOPLIST_KEY_UIApplicationSceneManifest_Generation = YES;
				INFOPLIST_KEY_UIApplicationSupportsIndirectInputEvents = YES;
				INFOPLIST_KEY_UILaunchScreen_Generation = YES;
				INFOPLIST_KEY_UISupportedInterfaceOrientations_iPad = "UIInterfaceOrientationPortrait UIInterfaceOrientationPortraitUpsideDown UIInterfaceOrientationLandscapeLeft UIInterfaceOrientationLandscapeRight";
				INFOPLIST_KEY_UISupportedInterfaceOrientations_iPhone = "UIInterfaceOrientationPortrait UIInterfaceOrientationLandscapeLeft UIInterfaceOrientationLandscapeRight";
				LD_RUNPATH_SEARCH_PATHS = (
					"$(inherited)",
					"@executable_path/Frameworks",
				);
				MARKETING_VERSION = 1.0;
				PRODUCT_BUNDLE_IDENTIFIER = swiftcodingclubucd.ProductivityApp;
				PRODUCT_NAME = "$(TARGET_NAME)";
				STRING_CATALOG_GENERATE_SYMBOLS = YES;
				SWIFT_APPROACHABLE_CONCURRENCY = YES;
				SWIFT_DEFAULT_ACTOR_ISOLATION = MainActor;
				SWIFT_EMIT_LOC_STRINGS = YES;
				SWIFT_UPCOMING_FEATURE_MEMBER_IMPORT_VISIBILITY = YES;
				SWIFT_VERSION = 5.0;
				TARGETED_DEVICE_FAMILY = "1,2";
			};
			name = Release;
		};
/* End XCBuildConfiguration section */

/* Begin XCConfigurationList section */
		3643237B2F21D77600D6F8A5 /* Build configuration list for PBXProject "ProductivityApp" */ = {
			isa = XCConfigurationList;
			buildConfigurations = (
				364323892F21D77700D6F8A5 /* Debug */,
				3643238A2F21D77700D6F8A5 /* Release */,
			);
			defaultConfigurationIsVisible = 0;
			defaultConfigurationName = Release;
		};
		3643238B2F21D77700D6F8A5 /* Build configuration list for PBXNativeTarget "ProductivityApp" */ = {
			isa = XCConfigurationList;
			buildConfigurations = (
				3643238C2F21D77700D6F8A5 /* Debug */,
				3643238D2F21D77700D6F8A5 /* Release */,
			);
			defaultConfigurationIsVisible = 0;
			defaultConfigurationName = Release;
		};
/* End XCConfigurationList section */

/* Begin XCRemoteSwiftPackageReference section */
		36A3171A2F5FB97C00070F06 /* XCRemoteSwiftPackageReference "LRStreakKit" */ = {
			isa = XCRemoteSwiftPackageReference;
			repositoryURL = "https://github.com/lukerobertsapps/LRStreakKit";
			requirement = {
				kind = upToNextMajorVersion;
				minimumVersion = 1.1.0;
			};
		};
		84F314672F286D2000D83064 /* XCRemoteSwiftPackageReference "GoogleSignIn-iOS" */ = {
			isa = XCRemoteSwiftPackageReference;
			repositoryURL = "https://github.com/google/GoogleSignIn-iOS";
			requirement = {
				kind = upToNextMajorVersion;
				minimumVersion = 9.1.0;
			};
		};
/* End XCRemoteSwiftPackageReference section */

/* Begin XCSwiftPackageProductDependency section */
		36A3171B2F5FB97C00070F06 /* LRStreakKit */ = {
			isa = XCSwiftPackageProductDependency;
			package = 36A3171A2F5FB97C00070F06 /* XCRemoteSwiftPackageReference "LRStreakKit" */;
			productName = LRStreakKit;
		};
		84F314682F286D2000D83064 /* GoogleSignIn */ = {
			isa = XCSwiftPackageProductDependency;
			package = 84F314672F286D2000D83064 /* XCRemoteSwiftPackageReference "GoogleSignIn-iOS" */;
			productName = GoogleSignIn;
		};
		84F3146A2F286D2000D83064 /* GoogleSignInSwift */ = {
			isa = XCSwiftPackageProductDependency;
			package = 84F314672F286D2000D83064 /* XCRemoteSwiftPackageReference "GoogleSignIn-iOS" */;
			productName = GoogleSignInSwift;
		};
/* End XCSwiftPackageProductDependency section */
	};
	rootObject = 364323782F21D77600D6F8A5 /* Project object */;
}
